PackratFormat: 1.4
PackratVersion: 0.4.8.1
RVersion: 3.4.0
Repos: CRAN=https://cran.rstudio.com/,
    CRANextra=http://www.stats.ox.ac.uk/pub/RWin

Package: BH
Source: CRAN
Version: 1.62.0-1
Hash: 14dfb3e8ffe20996118306ff4de1fab2

Package: DBI
Source: CRAN
Version: 0.6-1
Hash: 4aef5bda70897c1663d5b8bae2f4419a

Package: MASS
Source: CRAN
Version: 7.3-47
Hash: cef924b1619219cfc32edbb8a340e652

Package: PerformanceAnalytics
Source: CRAN
Version: 1.4.3541
Hash: b1d6f7850d31690ae31e8848dbce5a8b
Requires: xts, zoo

Package: Quandl
Source: CRAN
Version: 2.8.0
Hash: 447d2a4255120600e9d98b4b4384f5f2
Requires: httr, jsonlite, xts, zoo

Package: R6
Source: CRAN
Version: 2.2.1
Hash: 530f0b839551f96ec991ce4f93156ee1

Package: RColorBrewer
Source: CRAN
Version: 1.1-2
Hash: c0d56cd15034f395874c870141870c25

Package: Rcpp
Source: CRAN
Version: 0.12.10
Hash: 6cf65d0dd6a92f2d43c8d4805d33efe9

Package: TTR
Source: CRAN
Version: 0.23-1
Hash: 4d137b2fd11667a413d92e31f106e839
Requires: xts, zoo

Package: assertthat
Source: CRAN
Version: 0.2.0
Hash: e8805df54c65ac96d50235c44a82615c

Package: backports
Source: CRAN
Version: 1.1.0
Hash: 3f754426ca2b7dbbf63951fe5075373b

Package: base64enc
Source: CRAN
Version: 0.1-3
Hash: c590d29e555926af053055e23ee79efb

Package: bitops
Source: CRAN
Version: 1.0-6
Hash: 67d0775189fd0041d95abca618c5c07e

Package: broom
Source: CRAN
Version: 0.4.2
Hash: 7ebcffa46afb467e3f3c5687946f6e1a
Requires: dplyr, nlme, plyr, psych, reshape2, stringr, tidyr

Package: caTools
Source: CRAN
Version: 1.17.1
Hash: 97cb6f6293cd18d17df77a6383cc6763
Requires: bitops

Package: cellranger
Source: CRAN
Version: 1.1.0
Hash: 4e1ef4d099b0c5fd531a3938cf4624bd
Requires: rematch, tibble

Package: colorspace
Source: CRAN
Version: 1.3-2
Hash: 0bf8618b585fa98eb23414cd3ab95118

Package: curl
Source: CRAN
Version: 2.6
Hash: 8162b82ca4809c0d63c30aedbd7348e0

Package: devtools
Source: CRAN
Version: 1.13.1
Hash: 8dadb6c6a916c8312dddc7b4d394c9f3
Requires: digest, git2r, httr, jsonlite, memoise, rstudioapi, whisker,
    withr

Package: dichromat
Source: CRAN
Version: 2.0-0
Hash: 08eed0c80510af29bb15f840ccfe37ce

Package: digest
Source: CRAN
Version: 0.6.12
Hash: e53fb8c58673df868183697e39a6a4d6

Package: dplyr
Source: CRAN
Version: 0.5.0
Hash: 673660fd0b947477dab1044abc8b2c95
Requires: BH, DBI, R6, Rcpp, assertthat, lazyeval, magrittr, tibble

Package: dygraphs
Source: CRAN
Version: 1.1.1.4
Hash: 6c0c428f37a8923a337e1af157f63839
Requires: htmltools, htmlwidgets, magrittr, xts, zoo

Package: evaluate
Source: CRAN
Version: 0.10
Hash: c3601a10c987d439e0c63ec635234a76
Requires: stringr

Package: forcats
Source: CRAN
Version: 0.2.0
Hash: e5a3b0b96a39f5581467b0c6366f7408
Requires: magrittr, tibble

Package: foreign
Source: CRAN
Version: 0.8-67
Hash: 34615798e8a5c7bb2f69f4efc3e17b71

Package: ggplot2
Source: CRAN
Version: 2.2.1
Hash: 46e5cb78836848aa44655e577433f54b
Requires: MASS, digest, gtable, lazyeval, plyr, reshape2, scales,
    tibble

Package: git2r
Source: CRAN
Version: 0.18.0
Hash: 9dfaafbcca68be29b89ef7783dc1dac0

Package: gtable
Source: CRAN
Version: 0.2.0
Hash: cd78381a9d3fea966ac39bd0daaf5554

Package: haven
Source: CRAN
Version: 1.0.0
Hash: c0a627663eb2abb6172350fa8c4f1167
Requires: BH, Rcpp, hms, readr, tibble

Package: highr
Source: CRAN
Version: 0.6
Hash: aa3d5b7912b5fed4b546ed5cd2a1760b

Package: hms
Source: CRAN
Version: 0.3
Hash: 3fca8a1c97e6cfb297fe3f4690f82c58

Package: htmltools
Source: CRAN
Version: 0.3.6
Hash: fb62c5ebb577da9b27b9a0b660ba7fc4
Requires: Rcpp, digest

Package: htmlwidgets
Source: CRAN
Version: 0.8
Hash: e7a3c80acddc2412f96d616949e40bb8
Requires: htmltools, jsonlite, yaml

Package: httpuv
Source: CRAN
Version: 1.3.3
Hash: 15df1efb155731a0ac9c0bfd84f13499
Requires: Rcpp

Package: httr
Source: CRAN
Version: 1.2.1
Hash: 7de1f8f760441881804af7c1ff324340
Requires: R6, curl, jsonlite, mime, openssl

Package: jpeg
Source: CRAN
Version: 0.1-8
Hash: 189af3df9864c6aa8546033f08ba9358

Package: jsonlite
Source: CRAN
Version: 1.4
Hash: 24cc0ffeb1771d710173d9803a131870

Package: knitr
Source: CRAN
Version: 1.16
Hash: 3b8dc00d51027c6d041d56bc92136452
Requires: digest, evaluate, highr, markdown, stringr, yaml

Package: labeling
Source: CRAN
Version: 0.3
Hash: ecf589b42cd284b03a4beb9665482d3e

Package: lattice
Source: CRAN
Version: 0.20-35
Hash: 26b9d7f0d0cb4e1d1bbb97f867c82d89

Package: lazyeval
Source: CRAN
Version: 0.2.0
Hash: 3d6e7608e65bbf5cb170dab1e3c9ed8b

Package: lubridate
Source: CRAN
Version: 1.6.0
Hash: b90f4cbefe0b3c545dd68b22c66a8a12
Requires: stringr

Package: magrittr
Source: CRAN
Version: 1.5
Hash: bdc4d48c3135e8f3b399536ddf160df4

Package: markdown
Source: CRAN
Version: 0.8
Hash: 045d7c594d503b41f1c28946d076c8aa
Requires: mime

Package: memoise
Source: CRAN
Version: 1.1.0
Hash: 410fcd334bc626db100237cc1370f2e9
Requires: digest

Package: mime
Source: CRAN
Version: 0.5
Hash: 463550cf44fb6f0a2359368f42eebe62

Package: mnormt
Source: CRAN
Version: 1.5-5
Hash: d0d5efbb1fb26d2dc5f9394c223084b5

Package: modelr
Source: CRAN
Version: 0.1.0
Hash: 7c9848bf4d734f38b8ce91022d8de949
Requires: broom, dplyr, lazyeval, magrittr, purrr, tibble, tidyr

Package: munsell
Source: CRAN
Version: 0.4.3
Hash: f96d896947fcaf9b6d0074002e9f4f9d
Requires: colorspace

Package: nlme
Source: CRAN
Version: 3.1-131
Hash: 7f5580f9c481d6921298f224c391b308
Requires: lattice

Package: openssl
Source: CRAN
Version: 0.9.6
Hash: 5f4711e142a44655dfea4d64fcf2f641

Package: packrat
Source: CRAN
Version: 0.4.8-1
Hash: 6ad605ba7b4b476d84be6632393f5765

Package: plyr
Source: CRAN
Version: 1.8.4
Hash: c9ddbdcfd74ff964e3e7d0b692a8dd70
Requires: Rcpp

Package: psych
Source: CRAN
Version: 1.7.5
Hash: 0c076a96de916d0d26d866e83909d961
Requires: foreign, lattice, mnormt, nlme

Package: purrr
Source: CRAN
Version: 0.2.2.2
Hash: faada139260184912fea03f3fea13842
Requires: Rcpp, lazyeval, magrittr, tibble

Package: quadprog
Source: CRAN
Version: 1.5-5
Hash: 69000b7dc41b09977dcf781f909d235c

Package: quantmod
Source: github
Version: 0.4-8
Hash: eb36d2d1314b071d34afc1279e64b8bd
Requires: TTR, xts, zoo
GithubRepo: quantmod
GithubUsername: joshuaulrich
GithubRef: 157_yahoo_502
GithubSha1: 97e4df61170ac83994a01de6698ce332141f60dd

Package: readr
Source: CRAN
Version: 1.1.1
Hash: 8261195998ee028e8ee5acaa77e1db87
Requires: BH, R6, Rcpp, hms, tibble

Package: readxl
Source: github
Version: 1.0.0.9000
Hash: 7be786738af7ce5972ad68245bb8f82c
Requires: Rcpp, cellranger, tibble
GithubRepo: readxl
GithubUsername: tidyverse
GithubRef: master
GithubSha1: a1c46a8052417b98be49f8c4905b84f4bc4d309a

Package: rematch
Source: CRAN
Version: 1.0.1
Hash: ad4faf59e7611117ff165817074c50c7

Package: reshape2
Source: CRAN
Version: 1.4.2
Hash: 790c06c11c84041b814139d731a872b9
Requires: Rcpp, plyr, stringr

Package: rlang
Source: CRAN
Version: 0.1.1
Hash: 86c53487ce7f82f0a7cc11c816060910

Package: rmarkdown
Source: github
Version: 1.5.9000
Hash: 653a11f46e83ec01f72ed62767cc6c8a
Requires: base64enc, caTools, evaluate, htmltools, jsonlite, knitr,
    rprojroot, stringr, yaml
GithubRepo: rmarkdown
GithubUsername: rstudio
GithubRef: master
GithubSha1: a1537e433eea4b53205c03f5a5b1b4a5261aef6d

Package: rprojroot
Source: CRAN
Version: 1.2
Hash: fdcac51a7f47decd60556ceefc3c26b1
Requires: backports

Package: rstudioapi
Source: CRAN
Version: 0.6
Hash: fd256f8bfb9a64cc35f98b0decb1a79f

Package: rvest
Source: CRAN
Version: 0.3.2
Hash: c69f7526520bad66fd2111ebe8b1364b
Requires: httr, magrittr, selectr, xml2

Package: scales
Source: CRAN
Version: 0.4.1
Hash: 2d008b6e3fb9938255669ddf3c85f1f3
Requires: RColorBrewer, Rcpp, dichromat, labeling, munsell, plyr

Package: selectr
Source: CRAN
Version: 0.3-1
Hash: 367275e3dcdd208339e131c7a41bec56
Requires: stringr

Package: servr
Source: CRAN
Version: 0.6
Hash: 83c5d4eee110a61b1062b4692a22bd91
Requires: httpuv, jsonlite, mime

Package: shiny
Source: CRAN
Version: 1.0.3
Hash: f133585c72ea31592f663e68c6ff0b3e
Requires: R6, digest, htmltools, httpuv, jsonlite, mime, sourcetools,
    xtable

Package: sourcetools
Source: CRAN
Version: 0.1.6
Hash: 226d56d7469587da40b0f96180e711b4

Package: stringi
Source: CRAN
Version: 1.1.5
Hash: b6308e49357a0b475f433599e0d8b5eb

Package: stringr
Source: CRAN
Version: 1.2.0
Hash: 25a86d7f410513ebb7c0bc6a5e16bdc3
Requires: magrittr, stringi

Package: tibble
Source: CRAN
Version: 1.3.1
Hash: 127494c044f42b92de29c6fca10e6007
Requires: Rcpp, assertthat, rlang

Package: tidyquant
Source: CRAN
Version: 0.5.1
Hash: 57b84874638e3390676be49a11d44781
Requires: PerformanceAnalytics, Quandl, TTR, broom, curl, devtools,
    dplyr, ggplot2, httr, lazyeval, lubridate, magrittr, purrr,
    quantmod, readr, rvest, scales, stringr, tibble, tidyr, tidyverse,
    timeSeries, tseries, xml2, xts, zoo

Package: tidyr
Source: CRAN
Version: 0.6.3
Hash: 4ee794557c8022957d43899e9694b066
Requires: Rcpp, dplyr, lazyeval, magrittr, stringi, tibble

Package: tidyverse
Source: CRAN
Version: 1.1.1
Hash: 72d5fada870c90b835bbdfc281283c99
Requires: broom, dplyr, forcats, ggplot2, haven, hms, httr, jsonlite,
    lubridate, magrittr, modelr, purrr, readr, readxl, rvest, stringr,
    tibble, tidyr, xml2

Package: timeDate
Source: CRAN
Version: 3012.100
Hash: 78876c125c98033cd093fa0283469637

Package: timeSeries
Source: CRAN
Version: 3022.101.2
Hash: 7f535d772209c1f07ba0334352937556
Requires: timeDate

Package: tseries
Source: CRAN
Version: 0.10-40
Hash: e9734ba4645ced4f6b3c5f317891e0d7
Requires: quadprog, zoo

Package: whisker
Source: CRAN
Version: 0.3-2
Hash: 803d662762e532705c2c066a82d066e7

Package: withr
Source: CRAN
Version: 1.0.2
Hash: 774eb7be9087cdc24b53b74e5359cfac

Package: xaringan
Source: github
Version: 0.3
Hash: cd1b102f84ae199c76407a87b71fdafc
Requires: htmltools, knitr, rmarkdown, servr
GithubRepo: xaringan
GithubUsername: yihui
GithubRef: master
GithubSha1: 0181407ba1d2edd9eac08d1d1b48f7aab3ebc3c1

Package: xml2
Source: CRAN
Version: 1.1.1
Hash: 19ad10ef8e73cb435eb49f9d5d259980
Requires: BH, Rcpp

Package: xtable
Source: CRAN
Version: 1.8-2
Hash: 7293235cfcc14cdff1ce7fd1a0212031

Package: xts
Source: CRAN
Version: 0.9-7
Hash: fb3f81d7a2fa2323879b6b49722ddc5e
Requires: zoo

Package: yaml
Source: CRAN
Version: 2.1.14
Hash: c81230c3a7d9ba20607ad6b4331173d1

Package: zoo
Source: CRAN
Version: 1.8-0
Hash: df9711767f56f086e8a8d1f0fb926ff6
Requires: lattice
